
Microsoft Visual Studio Solution File, Format Version 12.00
# Visual Studio Version 17
VisualStudioVersion = 17.2.32516.85
MinimumVisualStudioVersion = 10.0.40219.1
Project("{FAE04EC0-301F-11D3-BF4B-00C04F79EFBC}") = "SwaggerDemo", "SwaggerDemo.csproj", "{74226CF2-1199-4B55-A782-6972C6111C8B}"
EndProject
Global
	GlobalSection(SolutionConfigurationPlatforms) = preSolution
		Debug|Any CPU = Debug|Any CPU
		Release|Any CPU = Release|Any CPU
	EndGlobalSection
	GlobalSection(ProjectConfigurationPlatforms) = postSolution
		{74226CF2-1199-4B55-A782-6972C6111C8B}.Debug|Any CPU.ActiveCfg = Debug|Any CPU
		{74226CF2-1199-4B55-A782-6972C6111C8B}.Debug|Any CPU.Build.0 = Debug|Any CPU
		{74226CF2-1199-4B55-A782-6972C6111C8B}.Release|Any CPU.ActiveCfg = Release|Any CPU
		{74226CF2-1199-4B55-A782-6972C6111C8B}.Release|Any CPU.Build.0 = Release|Any CPU
	EndGlobalSection
	GlobalSection(SolutionProperties) = preSolution
		HideSolutionNode = FALSE
	EndGlobalSection
	GlobalSection(ExtensibilityGlobals) = postSolution
		SolutionGuid = {83330443-8CCD-4C7C-A50D-8940FC007F5B}
	EndGlobalSection
EndGlobal
